
Microsoft Visual Studio Solution File, Format Version 12.00
# Visual Studio Version 17
VisualStudioVersion = 17.9.34723.18
MinimumVisualStudioVersion = 10.0.40219.1
Project("{9A19103F-16F7-4668-BE54-9A1E7A4F7556}") = "EmployeeAttendanceManagment", "EmployeeAttendanceManagment\EmployeeAttendanceManagment.csproj", "{944BAE57-D14D-4D69-B195-180C7857C0A0}"
EndProject
Project("{FAE04EC0-301F-11D3-BF4B-00C04F79EFBC}") = "EmployeeAttendanceManagmentTest", "EmployeeAttendanceManagmentTest\EmployeeAttendanceManagmentTest.csproj", "{770A13CB-F6BE-4FFD-A025-79AFA7896E92}"
EndProject
Global
	GlobalSection(SolutionConfigurationPlatforms) = preSolution
		Debug|Any CPU = Debug|Any CPU
		Release|Any CPU = Release|Any CPU
	EndGlobalSection
	GlobalSection(ProjectConfigurationPlatforms) = postSolution
		{944BAE57-D14D-4D69-B195-180C7857C0A0}.Debug|Any CPU.ActiveCfg = Debug|Any CPU
		{944BAE57-D14D-4D69-B195-180C7857C0A0}.Debug|Any CPU.Build.0 = Debug|Any CPU
		{944BAE57-D14D-4D69-B195-180C7857C0A0}.Release|Any CPU.ActiveCfg = Release|Any CPU
		{944BAE57-D14D-4D69-B195-180C7857C0A0}.Release|Any CPU.Build.0 = Release|Any CPU
		{770A13CB-F6BE-4FFD-A025-79AFA7896E92}.Debug|Any CPU.ActiveCfg = Debug|Any CPU
		{770A13CB-F6BE-4FFD-A025-79AFA7896E92}.Debug|Any CPU.Build.0 = Debug|Any CPU
		{770A13CB-F6BE-4FFD-A025-79AFA7896E92}.Release|Any CPU.ActiveCfg = Release|Any CPU
		{770A13CB-F6BE-4FFD-A025-79AFA7896E92}.Release|Any CPU.Build.0 = Release|Any CPU
	EndGlobalSection
	GlobalSection(SolutionProperties) = preSolution
		HideSolutionNode = FALSE
	EndGlobalSection
	GlobalSection(ExtensibilityGlobals) = postSolution
		SolutionGuid = {CF3F47C3-0025-407C-BB99-2F8C46199D20}
	EndGlobalSection
EndGlobal
